
Microsoft Visual Studio Solution File, Format Version 12.00
# Visual Studio Version 17
VisualStudioVersion = 17.11.35312.102
MinimumVisualStudioVersion = 10.0.40219.1
Project("{FAE04EC0-301F-11D3-BF4B-00C04F79EFBC}") = "Learning", "Learning\Learning.csproj", "{BE296932-848C-40B3-AB57-C644BEC6EE71}"
EndProject
Global
	GlobalSection(SolutionConfigurationPlatforms) = preSolution
		Debug|Any CPU = Debug|Any CPU
		Release|Any CPU = Release|Any CPU
	EndGlobalSection
	GlobalSection(ProjectConfigurationPlatforms) = postSolution
		{BE296932-848C-40B3-AB57-C644BEC6EE71}.Debug|Any CPU.ActiveCfg = Debug|Any CPU
		{BE296932-848C-40B3-AB57-C644BEC6EE71}.Debug|Any CPU.Build.0 = Debug|Any CPU
		{BE296932-848C-40B3-AB57-C644BEC6EE71}.Release|Any CPU.ActiveCfg = Release|Any CPU
		{BE296932-848C-40B3-AB57-C644BEC6EE71}.Release|Any CPU.Build.0 = Release|Any CPU
	EndGlobalSection
	GlobalSection(SolutionProperties) = preSolution
		HideSolutionNode = FALSE
	EndGlobalSection
	GlobalSection(ExtensibilityGlobals) = postSolution
		SolutionGuid = {2D0EB75A-C7BE-4CB2-A909-A01F795E249F}
	EndGlobalSection
EndGlobal
